{
  "version": 4,
  "terraform_version": "1.14.3",
  "serial": 13,
  "lineage": "d55fe7e1-74f1-8a9c-88e1-a1fe9fc5b8a6",
  "outputs": {
    "cloudfront_distribution_id": {
      "value": "E1EMBLWT0JGVDM",
      "type": "string"
    },
    "cloudfront_domain_name": {
      "value": "d2t0mz8ixxl47z.cloudfront.net",
      "type": "string"
    },
    "github_actions_role_arn": {
      "value": "arn:aws:iam::406868032491:role/GitHubActionsPortfolioRole",
      "type": "string"
    },
    "s3_bucket_name": {
      "value": "dipu-portfolio-static-bucket-2026",
      "type": "string"
    }
  },
  "resources": [
    {
      "mode": "data",
      "type": "aws_iam_policy_document",
      "name": "github_actions_policy",
      "provider": "provider[\"registry.terraform.io/hashicorp/aws\"]",
      "instances": [
        {
          "schema_version": 0,
          "attributes": {
            "id": "595437346",
            "json": "{\n  \"Version\": \"2012-10-17\",\n  \"Statement\": [\n    {\n      \"Effect\": \"Allow\",\n      \"Action\": [\n        \"s3:PutObject\",\n        \"s3:ListBucket\",\n        \"s3:GetObject\",\n        \"s3:DeleteObject\"\n      ],\n      \"Resource\": [\n        \"arn:aws:s3:::dipu-portfolio-static-bucket-2026/*\",\n        \"arn:aws:s3:::dipu-portfolio-static-bucket-2026\"\n      ]\n    },\n    {\n      \"Effect\": \"Allow\",\n      \"Action\": \"cloudfront:CreateInvalidation\",\n      \"Resource\": \"arn:aws:cloudfront::406868032491:distribution/E1EMBLWT0JGVDM\"\n    }\n  ]\n}",
            "minified_json": "{\"Version\":\"2012-10-17\",\"Statement\":[{\"Effect\":\"Allow\",\"Action\":[\"s3:PutObject\",\"s3:ListBucket\",\"s3:GetObject\",\"s3:DeleteObject\"],\"Resource\":[\"arn:aws:s3:::dipu-portfolio-static-bucket-2026/*\",\"arn:aws:s3:::dipu-portfolio-static-bucket-2026\"]},{\"Effect\":\"Allow\",\"Action\":\"cloudfront:CreateInvalidation\",\"Resource\":\"arn:aws:cloudfront::406868032491:distribution/E1EMBLWT0JGVDM\"}]}",
            "override_json": null,
            "override_policy_documents": null,
            "policy_id": null,
            "source_json": null,
            "source_policy_documents": null,
            "statement": [
              {
                "actions": [
                  "s3:DeleteObject",
                  "s3:GetObject",
                  "s3:ListBucket",
                  "s3:PutObject"
                ],
                "condition": [],
                "effect": "Allow",
                "not_actions": [],
                "not_principals": [],
                "not_resources": [],
                "principals": [],
                "resources": [
                  "arn:aws:s3:::dipu-portfolio-static-bucket-2026",
                  "arn:aws:s3:::dipu-portfolio-static-bucket-2026/*"
                ],
                "sid": ""
              },
              {
                "actions": [
                  "cloudfront:CreateInvalidation"
                ],
                "condition": [],
                "effect": "Allow",
                "not_actions": [],
                "not_principals": [],
                "not_resources": [],
                "principals": [],
                "resources": [
                  "arn:aws:cloudfront::406868032491:distribution/E1EMBLWT0JGVDM"
                ],
                "sid": ""
              }
            ],
            "version": "2012-10-17"
          },
          "sensitive_attributes": [],
          "identity_schema_version": 0
        }
      ]
    },
    {
      "mode": "data",
      "type": "aws_iam_policy_document",
      "name": "github_assume_role",
      "provider": "provider[\"registry.terraform.io/hashicorp/aws\"]",
      "instances": [
        {
          "schema_version": 0,
          "attributes": {
            "id": "3467072574",
            "json": "{\n  \"Version\": \"2012-10-17\",\n  \"Statement\": [\n    {\n      \"Effect\": \"Allow\",\n      \"Action\": \"sts:AssumeRoleWithWebIdentity\",\n      \"Principal\": {\n        \"Federated\": \"arn:aws:iam::406868032491:oidc-provider/token.actions.githubusercontent.com\"\n      },\n      \"Condition\": {\n        \"StringEquals\": {\n          \"token.actions.githubusercontent.com:aud\": \"sts.amazonaws.com\"\n        },\n        \"StringLike\": {\n          \"token.actions.githubusercontent.com:sub\": \"repo:Dipu2589/portfolio:*\"\n        }\n      }\n    }\n  ]\n}",
            "minified_json": "{\"Version\":\"2012-10-17\",\"Statement\":[{\"Effect\":\"Allow\",\"Action\":\"sts:AssumeRoleWithWebIdentity\",\"Principal\":{\"Federated\":\"arn:aws:iam::406868032491:oidc-provider/token.actions.githubusercontent.com\"},\"Condition\":{\"StringEquals\":{\"token.actions.githubusercontent.com:aud\":\"sts.amazonaws.com\"},\"StringLike\":{\"token.actions.githubusercontent.com:sub\":\"repo:Dipu2589/portfolio:*\"}}}]}",
            "override_json": null,
            "override_policy_documents": null,
            "policy_id": null,
            "source_json": null,
            "source_policy_documents": null,
            "statement": [
              {
                "actions": [
                  "sts:AssumeRoleWithWebIdentity"
                ],
                "condition": [
                  {
                    "test": "StringEquals",
                    "values": [
                      "sts.amazonaws.com"
                    ],
                    "variable": "token.actions.githubusercontent.com:aud"
                  },
                  {
                    "test": "StringLike",
                    "values": [
                      "repo:Dipu2589/portfolio:*"
                    ],
                    "variable": "token.actions.githubusercontent.com:sub"
                  }
                ],
                "effect": "Allow",
                "not_actions": [],
                "not_principals": [],
                "not_resources": [],
                "principals": [
                  {
                    "identifiers": [
                      "arn:aws:iam::406868032491:oidc-provider/token.actions.githubusercontent.com"
                    ],
                    "type": "Federated"
                  }
                ],
                "resources": [],
                "sid": ""
              }
            ],
            "version": "2012-10-17"
          },
          "sensitive_attributes": [],
          "identity_schema_version": 0
        }
      ]
    },
    {
      "mode": "data",
      "type": "aws_iam_policy_document",
      "name": "s3_policy",
      "provider": "provider[\"registry.terraform.io/hashicorp/aws\"]",
      "instances": [
        {
          "schema_version": 0,
          "attributes": {
            "id": "3118701754",
            "json": "{\n  \"Version\": \"2012-10-17\",\n  \"Statement\": [\n    {\n      \"Effect\": \"Allow\",\n      \"Action\": \"s3:GetObject\",\n      \"Resource\": \"arn:aws:s3:::dipu-portfolio-static-bucket-2026/*\",\n      \"Principal\": {\n        \"Service\": \"cloudfront.amazonaws.com\"\n      },\n      \"Condition\": {\n        \"StringEquals\": {\n          \"AWS:SourceArn\": \"arn:aws:cloudfront::406868032491:distribution/E1EMBLWT0JGVDM\"\n        }\n      }\n    }\n  ]\n}",
            "minified_json": "{\"Version\":\"2012-10-17\",\"Statement\":[{\"Effect\":\"Allow\",\"Action\":\"s3:GetObject\",\"Resource\":\"arn:aws:s3:::dipu-portfolio-static-bucket-2026/*\",\"Principal\":{\"Service\":\"cloudfront.amazonaws.com\"},\"Condition\":{\"StringEquals\":{\"AWS:SourceArn\":\"arn:aws:cloudfront::406868032491:distribution/E1EMBLWT0JGVDM\"}}}]}",
            "override_json": null,
            "override_policy_documents": null,
            "policy_id": null,
            "source_json": null,
            "source_policy_documents": null,
            "statement": [
              {
                "actions": [
                  "s3:GetObject"
                ],
                "condition": [
                  {
                    "test": "StringEquals",
                    "values": [
                      "arn:aws:cloudfront::406868032491:distribution/E1EMBLWT0JGVDM"
                    ],
                    "variable": "AWS:SourceArn"
                  }
                ],
                "effect": "Allow",
                "not_actions": [],
                "not_principals": [],
                "not_resources": [],
                "principals": [
                  {
                    "identifiers": [
                      "cloudfront.amazonaws.com"
                    ],
                    "type": "Service"
                  }
                ],
                "resources": [
                  "arn:aws:s3:::dipu-portfolio-static-bucket-2026/*"
                ],
                "sid": ""
              }
            ],
            "version": "2012-10-17"
          },
          "sensitive_attributes": [],
          "identity_schema_version": 0
        }
      ]
    },
    {
      "mode": "managed",
      "type": "aws_cloudfront_distribution",
      "name": "cdn",
      "provider": "provider[\"registry.terraform.io/hashicorp/aws\"]",
      "instances": [
        {
          "schema_version": 1,
          "attributes": {
            "aliases": null,
            "arn": "arn:aws:cloudfront::406868032491:distribution/E1EMBLWT0JGVDM",
            "caller_reference": "terraform-20260522150846322100000001",
            "comment": null,
            "continuous_deployment_policy_id": "",
            "custom_error_response": [],
            "default_cache_behavior": [
              {
                "allowed_methods": [
                  "GET",
                  "HEAD",
                  "OPTIONS"
                ],
                "cache_policy_id": "",
                "cached_methods": [
                  "GET",
                  "HEAD"
                ],
                "compress": false,
                "default_ttl": 3600,
                "field_level_encryption_id": "",
                "forwarded_values": [
                  {
                    "cookies": [
                      {
                        "forward": "none",
                        "whitelisted_names": []
                      }
                    ],
                    "headers": [],
                    "query_string": false,
                    "query_string_cache_keys": []
                  }
                ],
                "function_association": [],
                "grpc_config": [
                  {
                    "enabled": false
                  }
                ],
                "lambda_function_association": [],
                "max_ttl": 86400,
                "min_ttl": 0,
                "origin_request_policy_id": "",
                "realtime_log_config_arn": "",
                "response_headers_policy_id": "",
                "smooth_streaming": false,
                "target_origin_id": "dipu-portfolio-static-bucket-2026",
                "trusted_key_groups": [],
                "trusted_signers": [],
                "viewer_protocol_policy": "redirect-to-https"
              }
            ],
            "default_root_object": "index.html",
            "domain_name": "d2t0mz8ixxl47z.cloudfront.net",
            "enabled": true,
            "etag": "E23ZP02F085DFQ",
            "hosted_zone_id": "Z2FDTNDATAQYW2",
            "http_version": "http2",
            "id": "E1EMBLWT0JGVDM",
            "in_progress_validation_batches": 0,
            "is_ipv6_enabled": true,
            "last_modified_time": "2026-05-22 15:08:46.414 +0000 UTC",
            "logging_config": [],
            "ordered_cache_behavior": [],
            "origin": [
              {
                "connection_attempts": 3,
                "connection_timeout": 10,
                "custom_header": [],
                "custom_origin_config": [],
                "domain_name": "dipu-portfolio-static-bucket-2026.s3.us-east-1.amazonaws.com",
                "origin_access_control_id": "E30YF8XD7RMLU3",
                "origin_id": "dipu-portfolio-static-bucket-2026",
                "origin_path": "",
                "origin_shield": [],
                "s3_origin_config": [],
                "vpc_origin_config": []
              }
            ],
            "origin_group": [],
            "price_class": "PriceClass_100",
            "restrictions": [
              {
                "geo_restriction": [
                  {
                    "locations": [],
                    "restriction_type": "none"
                  }
                ]
              }
            ],
            "retain_on_delete": false,
            "staging": false,
            "status": "Deployed",
            "tags": null,
            "tags_all": {},
            "trusted_key_groups": [
              {
                "enabled": false,
                "items": []
              }
            ],
            "trusted_signers": [
              {
                "enabled": false,
                "items": []
              }
            ],
            "viewer_certificate": [
              {
                "acm_certificate_arn": "",
                "cloudfront_default_certificate": true,
                "iam_certificate_id": "",
                "minimum_protocol_version": "TLSv1",
                "ssl_support_method": ""
              }
            ],
            "wait_for_deployment": true,
            "web_acl_id": ""
          },
          "sensitive_attributes": [],
          "identity_schema_version": 0,
          "private": "eyJzY2hlbWFfdmVyc2lvbiI6IjEifQ==",
          "dependencies": [
            "aws_cloudfront_origin_access_control.oac",
            "aws_s3_bucket.portfolio"
          ]
        }
      ]
    },
    {
      "mode": "managed",
      "type": "aws_cloudfront_origin_access_control",
      "name": "oac",
      "provider": "provider[\"registry.terraform.io/hashicorp/aws\"]",
      "instances": [
        {
          "schema_version": 0,
          "attributes": {
            "arn": "arn:aws:cloudfront::406868032491:origin-access-control/E30YF8XD7RMLU3",
            "description": "OAC for Portfolio Static Website",
            "etag": "ETVPDKIKX0DER",
            "id": "E30YF8XD7RMLU3",
            "name": "dipu-portfolio-static-bucket-2026.s3.us-east-1.amazonaws.com",
            "origin_access_control_origin_type": "s3",
            "signing_behavior": "always",
            "signing_protocol": "sigv4"
          },
          "sensitive_attributes": [],
          "identity_schema_version": 0,
          "private": "bnVsbA==",
          "dependencies": [
            "aws_s3_bucket.portfolio"
          ]
        }
      ]
    },
    {
      "mode": "managed",
      "type": "aws_iam_openid_connect_provider",
      "name": "github",
      "provider": "provider[\"registry.terraform.io/hashicorp/aws\"]",
      "instances": [
        {
          "schema_version": 0,
          "attributes": {
            "arn": "arn:aws:iam::406868032491:oidc-provider/token.actions.githubusercontent.com",
            "client_id_list": [
              "sts.amazonaws.com"
            ],
            "id": "arn:aws:iam::406868032491:oidc-provider/token.actions.githubusercontent.com",
            "tags": null,
            "tags_all": {},
            "thumbprint_list": [
              "6938fd4d98bab03faadb97b34396831e3780aea1",
              "1c58a3a8518e8759bf075b76b750d4f2df264fcd"
            ],
            "url": "token.actions.githubusercontent.com"
          },
          "sensitive_attributes": [],
          "identity_schema_version": 0,
          "private": "bnVsbA=="
        }
      ]
    },
    {
      "mode": "managed",
      "type": "aws_iam_role",
      "name": "github_actions",
      "provider": "provider[\"registry.terraform.io/hashicorp/aws\"]",
      "instances": [
        {
          "schema_version": 0,
          "attributes": {
            "arn": "arn:aws:iam::406868032491:role/GitHubActionsPortfolioRole",
            "assume_role_policy": "{\"Statement\":[{\"Action\":\"sts:AssumeRoleWithWebIdentity\",\"Condition\":{\"StringEquals\":{\"token.actions.githubusercontent.com:aud\":\"sts.amazonaws.com\"},\"StringLike\":{\"token.actions.githubusercontent.com:sub\":\"repo:Dipu2589/portfolio:*\"}},\"Effect\":\"Allow\",\"Principal\":{\"Federated\":\"arn:aws:iam::406868032491:oidc-provider/token.actions.githubusercontent.com\"}}],\"Version\":\"2012-10-17\"}",
            "create_date": "2026-05-22T15:08:45Z",
            "description": "",
            "force_detach_policies": false,
            "id": "GitHubActionsPortfolioRole",
            "inline_policy": [],
            "managed_policy_arns": [],
            "max_session_duration": 3600,
            "name": "GitHubActionsPortfolioRole",
            "name_prefix": "",
            "path": "/",
            "permissions_boundary": "",
            "tags": null,
            "tags_all": {},
            "unique_id": "AROAV5OZZPPVWOYBKNM35"
          },
          "sensitive_attributes": [],
          "identity_schema_version": 0,
          "private": "bnVsbA==",
          "dependencies": [
            "aws_iam_openid_connect_provider.github",
            "data.aws_iam_policy_document.github_assume_role"
          ]
        }
      ]
    },
    {
      "mode": "managed",
      "type": "aws_iam_role_policy",
      "name": "github_actions",
      "provider": "provider[\"registry.terraform.io/hashicorp/aws\"]",
      "instances": [
        {
          "schema_version": 0,
          "attributes": {
            "id": "GitHubActionsPortfolioRole:GitHubActionsPortfolioDeployPolicy",
            "name": "GitHubActionsPortfolioDeployPolicy",
            "name_prefix": "",
            "policy": "{\"Version\":\"2012-10-17\",\"Statement\":[{\"Action\":[\"s3:PutObject\",\"s3:ListBucket\",\"s3:GetObject\",\"s3:DeleteObject\"],\"Effect\":\"Allow\",\"Resource\":[\"arn:aws:s3:::dipu-portfolio-static-bucket-2026/*\",\"arn:aws:s3:::dipu-portfolio-static-bucket-2026\"]},{\"Action\":\"cloudfront:CreateInvalidation\",\"Effect\":\"Allow\",\"Resource\":\"arn:aws:cloudfront::406868032491:distribution/E1EMBLWT0JGVDM\"}]}",
            "role": "GitHubActionsPortfolioRole"
          },
          "sensitive_attributes": [],
          "identity_schema_version": 0,
          "private": "bnVsbA==",
          "dependencies": [
            "aws_cloudfront_distribution.cdn",
            "aws_cloudfront_origin_access_control.oac",
            "aws_iam_openid_connect_provider.github",
            "aws_iam_role.github_actions",
            "aws_s3_bucket.portfolio",
            "data.aws_iam_policy_document.github_actions_policy",
            "data.aws_iam_policy_document.github_assume_role"
          ]
        }
      ]
    },
    {
      "mode": "managed",
      "type": "aws_s3_bucket",
      "name": "portfolio",
      "provider": "provider[\"registry.terraform.io/hashicorp/aws\"]",
      "instances": [
        {
          "schema_version": 0,
          "attributes": {
            "acceleration_status": "",
            "acl": null,
            "arn": "arn:aws:s3:::dipu-portfolio-static-bucket-2026",
            "bucket": "dipu-portfolio-static-bucket-2026",
            "bucket_domain_name": "dipu-portfolio-static-bucket-2026.s3.amazonaws.com",
            "bucket_prefix": "",
            "bucket_regional_domain_name": "dipu-portfolio-static-bucket-2026.s3.us-east-1.amazonaws.com",
            "cors_rule": [],
            "force_destroy": false,
            "grant": [
              {
                "id": "c40087d263ed82faf3dba820527a2c2f021fcb3f94a2a5b353fe08c3c78d9262",
                "permissions": [
                  "FULL_CONTROL"
                ],
                "type": "CanonicalUser",
                "uri": ""
              }
            ],
            "hosted_zone_id": "Z3AQBSTGFYJSTF",
            "id": "dipu-portfolio-static-bucket-2026",
            "lifecycle_rule": [],
            "logging": [],
            "object_lock_configuration": [],
            "object_lock_enabled": false,
            "policy": "",
            "region": "us-east-1",
            "replication_configuration": [],
            "request_payer": "BucketOwner",
            "server_side_encryption_configuration": [
              {
                "rule": [
                  {
                    "apply_server_side_encryption_by_default": [
                      {
                        "kms_master_key_id": "",
                        "sse_algorithm": "AES256"
                      }
                    ],
                    "bucket_key_enabled": false
                  }
                ]
              }
            ],
            "tags": null,
            "tags_all": {},
            "timeouts": null,
            "versioning": [
              {
                "enabled": false,
                "mfa_delete": false
              }
            ],
            "website": [],
            "website_domain": null,
            "website_endpoint": null
          },
          "sensitive_attributes": [],
          "identity_schema_version": 0,
          "private": "eyJlMmJmYjczMC1lY2FhLTExZTYtOGY4OC0zNDM2M2JjN2M0YzAiOnsiY3JlYXRlIjoxMjAwMDAwMDAwMDAwLCJkZWxldGUiOjM2MDAwMDAwMDAwMDAsInJlYWQiOjEyMDAwMDAwMDAwMDAsInVwZGF0ZSI6MTIwMDAwMDAwMDAwMH19"
        }
      ]
    },
    {
      "mode": "managed",
      "type": "aws_s3_bucket_ownership_controls",
      "name": "portfolio",
      "provider": "provider[\"registry.terraform.io/hashicorp/aws\"]",
      "instances": [
        {
          "schema_version": 0,
          "attributes": {
            "bucket": "dipu-portfolio-static-bucket-2026",
            "id": "dipu-portfolio-static-bucket-2026",
            "rule": [
              {
                "object_ownership": "BucketOwnerEnforced"
              }
            ]
          },
          "sensitive_attributes": [],
          "identity_schema_version": 0,
          "private": "bnVsbA==",
          "dependencies": [
            "aws_s3_bucket.portfolio"
          ]
        }
      ]
    },
    {
      "mode": "managed",
      "type": "aws_s3_bucket_policy",
      "name": "portfolio_policy",
      "provider": "provider[\"registry.terraform.io/hashicorp/aws\"]",
      "instances": [
        {
          "schema_version": 0,
          "attributes": {
            "bucket": "dipu-portfolio-static-bucket-2026",
            "id": "dipu-portfolio-static-bucket-2026",
            "policy": "{\"Statement\":[{\"Action\":\"s3:GetObject\",\"Condition\":{\"StringEquals\":{\"AWS:SourceArn\":\"arn:aws:cloudfront::406868032491:distribution/E1EMBLWT0JGVDM\"}},\"Effect\":\"Allow\",\"Principal\":{\"Service\":\"cloudfront.amazonaws.com\"},\"Resource\":\"arn:aws:s3:::dipu-portfolio-static-bucket-2026/*\"}],\"Version\":\"2012-10-17\"}"
          },
          "sensitive_attributes": [],
          "identity_schema_version": 0,
          "private": "bnVsbA==",
          "dependencies": [
            "aws_cloudfront_distribution.cdn",
            "aws_cloudfront_origin_access_control.oac",
            "aws_s3_bucket.portfolio",
            "data.aws_iam_policy_document.s3_policy"
          ]
        }
      ]
    },
    {
      "mode": "managed",
      "type": "aws_s3_bucket_public_access_block",
      "name": "portfolio",
      "provider": "provider[\"registry.terraform.io/hashicorp/aws\"]",
      "instances": [
        {
          "schema_version": 0,
          "attributes": {
            "block_public_acls": true,
            "block_public_policy": true,
            "bucket": "dipu-portfolio-static-bucket-2026",
            "id": "dipu-portfolio-static-bucket-2026",
            "ignore_public_acls": true,
            "restrict_public_buckets": true
          },
          "sensitive_attributes": [],
          "identity_schema_version": 0,
          "private": "bnVsbA==",
          "dependencies": [
            "aws_s3_bucket.portfolio"
          ]
        }
      ]
    }
  ],
  "check_results": null
}
